
Microsoft Visual Studio Solution File, Format Version 12.00
# Visual Studio Version 17
VisualStudioVersion = 17.6.33815.320
MinimumVisualStudioVersion = 10.0.40219.1
Project("{9A19103F-16F7-4668-BE54-9A1E7A4F7556}") = "Task_1", "Task_1\Task_1.csproj", "{54ADE1A2-A0B8-4AB7-B41B-98C886ACD66A}"
EndProject
Project("{FAE04EC0-301F-11D3-BF4B-00C04F79EFBC}") = "Task_2", "Task_2\Task_2.csproj", "{123BF193-D92D-4889-AFFC-9E117E93D410}"
EndProject
Project("{FAE04EC0-301F-11D3-BF4B-00C04F79EFBC}") = "Task_3", "Task_3\Task_3.csproj", "{A4B0111E-D271-43A3-AB82-1A590E6B6962}"
EndProject
Global
	GlobalSection(SolutionConfigurationPlatforms) = preSolution
		Debug|Any CPU = Debug|Any CPU
		Release|Any CPU = Release|Any CPU
	EndGlobalSection
	GlobalSection(ProjectConfigurationPlatforms) = postSolution
		{54ADE1A2-A0B8-4AB7-B41B-98C886ACD66A}.Debug|Any CPU.ActiveCfg = Debug|Any CPU
		{54ADE1A2-A0B8-4AB7-B41B-98C886ACD66A}.Debug|Any CPU.Build.0 = Debug|Any CPU
		{54ADE1A2-A0B8-4AB7-B41B-98C886ACD66A}.Release|Any CPU.ActiveCfg = Release|Any CPU
		{54ADE1A2-A0B8-4AB7-B41B-98C886ACD66A}.Release|Any CPU.Build.0 = Release|Any CPU
		{123BF193-D92D-4889-AFFC-9E117E93D410}.Debug|Any CPU.ActiveCfg = Debug|Any CPU
		{123BF193-D92D-4889-AFFC-9E117E93D410}.Debug|Any CPU.Build.0 = Debug|Any CPU
		{123BF193-D92D-4889-AFFC-9E117E93D410}.Release|Any CPU.ActiveCfg = Release|Any CPU
		{123BF193-D92D-4889-AFFC-9E117E93D410}.Release|Any CPU.Build.0 = Release|Any CPU
		{A4B0111E-D271-43A3-AB82-1A590E6B6962}.Debug|Any CPU.ActiveCfg = Debug|Any CPU
		{A4B0111E-D271-43A3-AB82-1A590E6B6962}.Debug|Any CPU.Build.0 = Debug|Any CPU
		{A4B0111E-D271-43A3-AB82-1A590E6B6962}.Release|Any CPU.ActiveCfg = Release|Any CPU
		{A4B0111E-D271-43A3-AB82-1A590E6B6962}.Release|Any CPU.Build.0 = Release|Any CPU
	EndGlobalSection
	GlobalSection(SolutionProperties) = preSolution
		HideSolutionNode = FALSE
	EndGlobalSection
	GlobalSection(ExtensibilityGlobals) = postSolution
		SolutionGuid = {8CD3F0A9-7C90-44BC-8690-6391640FA684}
	EndGlobalSection
EndGlobal
